
Microsoft Visual Studio Solution File, Format Version 12.00
# Visual Studio Version 17
VisualStudioVersion = 17.2.32526.322
MinimumVisualStudioVersion = 10.0.40219.1
Project("{FAE04EC0-301F-11D3-BF4B-00C04F79EFBC}") = "Interface", "Interface\Interface.csproj", "{06C72639-95FE-416A-B046-7C19DA344E37}"
EndProject
Global
	GlobalSection(SolutionConfigurationPlatforms) = preSolution
		Debug|Any CPU = Debug|Any CPU
		Release|Any CPU = Release|Any CPU
	EndGlobalSection
	GlobalSection(ProjectConfigurationPlatforms) = postSolution
		{06C72639-95FE-416A-B046-7C19DA344E37}.Debug|Any CPU.ActiveCfg = Debug|Any CPU
		{06C72639-95FE-416A-B046-7C19DA344E37}.Debug|Any CPU.Build.0 = Debug|Any CPU
		{06C72639-95FE-416A-B046-7C19DA344E37}.Release|Any CPU.ActiveCfg = Release|Any CPU
		{06C72639-95FE-416A-B046-7C19DA344E37}.Release|Any CPU.Build.0 = Release|Any CPU
	EndGlobalSection
	GlobalSection(SolutionProperties) = preSolution
		HideSolutionNode = FALSE
	EndGlobalSection
	GlobalSection(ExtensibilityGlobals) = postSolution
		SolutionGuid = {88F751ED-F6E8-40AC-A3C0-11DFF8272FA6}
	EndGlobalSection
EndGlobal
